
Microsoft Visual Studio Solution File, Format Version 12.00
# Visual Studio Version 16
VisualStudioVersion = 16.0.31112.23
MinimumVisualStudioVersion = 10.0.40219.1
Project("{FAE04EC0-301F-11D3-BF4B-00C04F79EFBC}") = "Calculator", "Calculator\Calculator.csproj", "{9FB30C7D-9B8A-43DE-BA65-765ABABC2E40}"
EndProject
Global
	GlobalSection(SolutionConfigurationPlatforms) = preSolution
		Debug|Any CPU = Debug|Any CPU
		Release|Any CPU = Release|Any CPU
	EndGlobalSection
	GlobalSection(ProjectConfigurationPlatforms) = postSolution
		{9FB30C7D-9B8A-43DE-BA65-765ABABC2E40}.Debug|Any CPU.ActiveCfg = Debug|Any CPU
		{9FB30C7D-9B8A-43DE-BA65-765ABABC2E40}.Debug|Any CPU.Build.0 = Debug|Any CPU
		{9FB30C7D-9B8A-43DE-BA65-765ABABC2E40}.Release|Any CPU.ActiveCfg = Release|Any CPU
		{9FB30C7D-9B8A-43DE-BA65-765ABABC2E40}.Release|Any CPU.Build.0 = Release|Any CPU
	EndGlobalSection
	GlobalSection(SolutionProperties) = preSolution
		HideSolutionNode = FALSE
	EndGlobalSection
	GlobalSection(ExtensibilityGlobals) = postSolution
		SolutionGuid = {7B8375B4-B602-45C2-8E1D-BDDE7A398E49}
	EndGlobalSection
EndGlobal
